// !$*UTF8*$!
{
	archiveVersion = 1;
	classes = {
	};
	objectVersion = 46;
	objects = {

/* Begin PBXBuildFile section */
		8C4F1F721A5EC822005522FF /* AppDelegate.swift in Sources */ = {isa = PBXBuildFile; fileRef = 8C4F1F711A5EC822005522FF /* AppDelegate.swift */; };
		8C4F1F741A5EC822005522FF /* ViewController.swift in Sources */ = {isa = PBXBuildFile; fileRef = 8C4F1F731A5EC822005522FF /* ViewController.swift */; };
		8C4F1F771A5EC822005522FF /* Main.storyboard in Resources */ = {isa = PBXBuildFile; fileRef = 8C4F1F751A5EC822005522FF /* Main.storyboard */; };
		8C4F1F791A5EC822005522FF /* Images.xcassets in Resources */ = {isa = PBXBuildFile; fileRef = 8C4F1F781A5EC822005522FF /* Images.xcassets */; };
		8C4F1F7C1A5EC822005522FF /* LaunchScreen.xib in Resources */ = {isa = PBXBuildFile; fileRef = 8C4F1F7A1A5EC822005522FF /* LaunchScreen.xib */; };
		8C4F1F881A5EC823005522FF /* GitTestTests.swift in Sources */ = {isa = PBXBuildFile; fileRef = 8C4F1F871A5EC823005522FF /* GitTestTests.swift */; };
/* End PBXBuildFile section */

/* Begin PBXContainerItemProxy section */
		8C4F1F821A5EC823005522FF /* PBXContainerItemProxy */ = {
			isa = PBXContainerItemProxy;
			containerPortal = 8C4F1F641A5EC822005522FF /* Project object */;
			proxyType = 1;
			remoteGlobalIDString = 8C4F1F6B1A5EC822005522FF;
			remoteInfo = GitTest;
		};
/* End PBXContainerItemProxy section */

/* Begin PBXFileReference section */
		8C4F1F6C1A5EC822005522FF /* GitTest.app */ = {isa = PBXFileReference; explicitFileType = wrapper.application; includeInIndex = 0; path = GitTest.app; sourceTree = BUILT_PRODUCTS_DIR; };
		8C4F1F701A5EC822005522FF /* Info.plist */ = {isa = PBXFileReference; lastKnownFileType = text.plist.xml; path = Info.plist; sourceTree = "<group>"; };
		8C4F1F711A5EC822005522FF /* AppDelegate.swift */ = {isa = PBXFileReference; lastKnownFileType = sourcecode.swift; path = AppDelegate.swift; sourceTree = "<group>"; };
		8C4F1F731A5EC822005522FF /* ViewController.swift */ = {isa = PBXFileReference; lastKnownFileType = sourcecode.swift; path = ViewController.swift; sourceTree = "<group>"; };
		8C4F1F761A5EC822005522FF /* Base */ = {isa = PBXFileReference; lastKnownFileType = file.storyboard; name = Base; path = Base.lproj/Main.storyboard; sourceTree = "<group>"; };
		8C4F1F781A5EC822005522FF /* Images.xcassets */ = {isa = PBXFileReference; lastKnownFileType = folder.assetcatalog; path = Images.xcassets; sourceTree = "<group>"; };
		8C4F1F7B1A5EC822005522FF /* Base */ = {isa = PBXFileReference; lastKnownFileType = file.xib; name = Base; path = Base.lproj/LaunchScreen.xib; sourceTree = "<group>"; };
		8C4F1F811A5EC823005522FF /* GitTestTests.xctest */ = {isa = PBXFileReference; explicitFileType = wrapper.cfbundle; includeInIndex = 0; path = GitTestTests.xctest; sourceTree = BUILT_PRODUCTS_DIR; };
		8C4F1F861A5EC823005522FF /* Info.plist */ = {isa = PBXFileReference; lastKnownFileType = text.plist.xml; path = Info.plist; sourceTree = "<group>"; };
		8C4F1F871A5EC823005522FF /* GitTestTests.swift */ = {isa = PBXFileReference; lastKnownFileType = sourcecode.swift; path = GitTestTests.swift; sourceTree = "<group>"; };
/* End PBXFileReference section */

/* Begin PBXFrameworksBuildPhase section */
		8C4F1F691A5EC822005522FF /* Frameworks */ = {
			isa = PBXFrameworksBuildPhase;
			buildActionMask = 2147483647;
			files = (
			);
			runOnlyForDeploymentPostprocessing = 0;
		};
		8C4F1F7E1A5EC823005522FF /* Frameworks */ = {
			isa = PBXFrameworksBuildPhase;
			buildActionMask = 2147483647;
			files = (
			);
			runOnlyForDeploymentPostprocessing = 0;
		};
/* End PBXFrameworksBuildPhase section */

/* Begin PBXGroup section */
		8C4F1F631A5EC822005522FF = {
			isa = PBXGroup;
			children = (
				8C4F1F6E1A5EC822005522FF /* GitTest */,
				8C4F1F841A5EC823005522FF /* GitTestTests */,
				8C4F1F6D1A5EC822005522FF /* Products */,
			);
			sourceTree = "<group>";
		};
		8C4F1F6D1A5EC822005522FF /* Products */ = {
			isa = PBXGroup;
			children = (
				8C4F1F6C1A5EC822005522FF /* GitTest.app */,
				8C4F1F811A5EC823005522FF /* GitTestTests.xctest */,
			);
			name = Products;
			sourceTree = "<group>";
		};
		8C4F1F6E1A5EC822005522FF /* GitTest */ = {
			isa = PBXGroup;
			children = (
				8C4F1F711A5EC822005522FF /* AppDelegate.swift */,
				8C4F1F731A5EC822005522FF /* ViewController.swift */,
				8C4F1F751A5EC822005522FF /* Main.storyboard */,
				8C4F1F781A5EC822005522FF /* Images.xcassets */,
				8C4F1F7A1A5EC822005522FF /* LaunchScreen.xib */,
				8C4F1F6F1A5EC822005522FF /* Supporting Files */,
			);
			path = GitTest;
			sourceTree = "<group>";
		};
		8C4F1F6F1A5EC822005522FF /* Supporting Files */ = {
			isa = PBXGroup;
			children = (
				8C4F1F701A5EC822005522FF /* Info.plist */,
			);
			name = "Supporting Files";
			sourceTree = "<group>";
		};
		8C4F1F841A5EC823005522FF /* GitTestTests */ = {
			isa = PBXGroup;
			children = (
				8C4F1F871A5EC823005522FF /* GitTestTests.swift */,
				8C4F1F851A5EC823005522FF /* Supporting Files */,
			);
			path = GitTestTests;
			sourceTree = "<group>";
		};
		8C4F1F851A5EC823005522FF /* Supporting Files */ = {
			isa = PBXGroup;
			children = (
				8C4F1F861A5EC823005522FF /* Info.plist */,
			);
			name = "Supporting Files";
			sourceTree = "<group>";
		};
/* End PBXGroup section */

/* Begin PBXNativeTarget section */
		8C4F1F6B1A5EC822005522FF /* GitTest */ = {
			isa = PBXNativeTarget;
			buildConfigurationList = 8C4F1F8B1A5EC823005522FF /* Build configuration list for PBXNativeTarget "GitTest" */;
			buildPhases = (
				8C4F1F681A5EC822005522FF /* Sources */,
				8C4F1F691A5EC822005522FF /* Frameworks */,
				8C4F1F6A1A5EC822005522FF /* Resources */,
			);
			buildRules = (
			);
			dependencies = (
			);
			name = GitTest;
			productName = GitTest;
			productReference = 8C4F1F6C1A5EC822005522FF /* GitTest.app */;
			productType = "com.apple.product-type.application";
		};
		8C4F1F801A5EC823005522FF /* GitTestTests */ = {
			isa = PBXNativeTarget;
			buildConfigurationList = 8C4F1F8E1A5EC823005522FF /* Build configuration list for PBXNativeTarget "GitTestTests" */;
			buildPhases = (
				8C4F1F7D1A5EC823005522FF /* Sources */,
				8C4F1F7E1A5EC823005522FF /* Frameworks */,
				8C4F1F7F1A5EC823005522FF /* Resources */,
			);
			buildRules = (
			);
			dependencies = (
				8C4F1F831A5EC823005522FF /* PBXTargetDependency */,
			);
			name = GitTestTests;
			productName = GitTestTests;
			productReference = 8C4F1F811A5EC823005522FF /* GitTestTests.xctest */;
			productType = "com.apple.product-type.bundle.unit-test";
		};
/* End PBXNativeTarget section */

/* Begin PBXProject section */
		8C4F1F641A5EC822005522FF /* Project object */ = {
			isa = PBXProject;
			attributes = {
				LastUpgradeCheck = 0610;
				ORGANIZATIONNAME = "Once Byten";
				TargetAttributes = {
					8C4F1F6B1A5EC822005522FF = {
						CreatedOnToolsVersion = 6.1;
					};
					8C4F1F801A5EC823005522FF = {
						CreatedOnToolsVersion = 6.1;
						TestTargetID = 8C4F1F6B1A5EC822005522FF;
					};
				};
			};
			buildConfigurationList = 8C4F1F671A5EC822005522FF /* Build configuration list for PBXProject "GitTest" */;
			compatibilityVersion = "Xcode 3.2";
			developmentRegion = English;
			hasScannedForEncodings = 0;
			knownRegions = (
				en,
				Base,
			);
			mainGroup = 8C4F1F631A5EC822005522FF;
			productRefGroup = 8C4F1F6D1A5EC822005522FF /* Products */;
			projectDirPath = "";
			projectRoot = "";
			targets = (
				8C4F1F6B1A5EC822005522FF /* GitTest */,
				8C4F1F801A5EC823005522FF /* GitTestTests */,
			);
		};
/* End PBXProject section */

/* Begin PBXResourcesBuildPhase section */
		8C4F1F6A1A5EC822005522FF /* Resources */ = {
			isa = PBXResourcesBuildPhase;
			buildActionMask = 2147483647;
			files = (
				8C4F1F771A5EC822005522FF /* Main.storyboard in Resources */,
				8C4F1F7C1A5EC822005522FF /* LaunchScreen.xib in Resources */,
				8C4F1F791A5EC822005522FF /* Images.xcassets in Resources */,
			);
			runOnlyForDeploymentPostprocessing = 0;
		};
		8C4F1F7F1A5EC823005522FF /* Resources */ = {
			isa = PBXResourcesBuildPhase;
			buildActionMask = 2147483647;
			files = (
			);
			runOnlyForDeploymentPostprocessing = 0;
		};
/* End PBXResourcesBuildPhase section */

/* Begin PBXSourcesBuildPhase section */
		8C4F1F681A5EC822005522FF /* Sources */ = {
			isa = PBXSourcesBuildPhase;
			buildActionMask = 2147483647;
			files = (
				8C4F1F741A5EC822005522FF /* ViewController.swift in Sources */,
				8C4F1F721A5EC822005522FF /* AppDelegate.swift in Sources */,
			);
			runOnlyForDeploymentPostprocessing = 0;
		};
		8C4F1F7D1A5EC823005522FF /* Sources */ = {
			isa = PBXSourcesBuildPhase;
			buildActionMask = 2147483647;
			files = (
				8C4F1F881A5EC823005522FF /* GitTestTests.swift in Sources */,
			);
			runOnlyForDeploymentPostprocessing = 0;
		};
/* End PBXSourcesBuildPhase section */

/* Begin PBXTargetDependency section */
		8C4F1F831A5EC823005522FF /* PBXTargetDependency */ = {
			isa = PBXTargetDependency;
			target = 8C4F1F6B1A5EC822005522FF /* GitTest */;
			targetProxy = 8C4F1F821A5EC823005522FF /* PBXContainerItemProxy */;
		};
/* End PBXTargetDependency section */

/* Begin PBXVariantGroup section */
		8C4F1F751A5EC822005522FF /* Main.storyboard */ = {
			isa = PBXVariantGroup;
			children = (
				8C4F1F761A5EC822005522FF /* Base */,
			);
			name = Main.storyboard;
			sourceTree = "<group>";
		};
		8C4F1F7A1A5EC822005522FF /* LaunchScreen.xib */ = {
			isa = PBXVariantGroup;
			children = (
				8C4F1F7B1A5EC822005522FF /* Base */,
			);
			name = LaunchScreen.xib;
			sourceTree = "<group>";
		};
/* End PBXVariantGroup section */

/* Begin XCBuildConfiguration section */
		8C4F1F891A5EC823005522FF /* Debug */ = {
			isa = XCBuildConfiguration;
			buildSettings = {
				ALWAYS_SEARCH_USER_PATHS = NO;
				CLANG_CXX_LANGUAGE_STANDARD = "gnu++0x";
				CLANG_CXX_LIBRARY = "libc++";
				CLANG_ENABLE_MODULES = YES;
				CLANG_ENABLE_OBJC_ARC = YES;
				CLANG_WARN_BOOL_CONVERSION = YES;
				CLANG_WARN_CONSTANT_CONVERSION = YES;
				CLANG_WARN_DIRECT_OBJC_ISA_USAGE = YES_ERROR;
				CLANG_WARN_EMPTY_BODY = YES;
				CLANG_WARN_ENUM_CONVERSION = YES;
				CLANG_WARN_INT_CONVERSION = YES;
				CLANG_WARN_OBJC_ROOT_CLASS = YES_ERROR;
				CLANG_WARN_UNREACHABLE_CODE = YES;
				CLANG_WARN__DUPLICATE_METHOD_MATCH = YES;
				"CODE_SIGN_IDENTITY[sdk=iphoneos*]" = "iPhone Developer";
				COPY_PHASE_STRIP = NO;
				ENABLE_STRICT_OBJC_MSGSEND = YES;
				GCC_C_LANGUAGE_STANDARD = gnu99;
				GCC_DYNAMIC_NO_PIC = NO;
				GCC_OPTIMIZATION_LEVEL = 0;
				GCC_PREPROCESSOR_DEFINITIONS = (
					"DEBUG=1",
					"$(inherited)",
				);
				GCC_SYMBOLS_PRIVATE_EXTERN = NO;
				GCC_WARN_64_TO_32_BIT_CONVERSION = YES;
				GCC_WARN_ABOUT_RETURN_TYPE = YES_ERROR;
				GCC_WARN_UNDECLARED_SELECTOR = YES;
				GCC_WARN_UNINITIALIZED_AUTOS = YES_AGGRESSIVE;
				GCC_WARN_UNUSED_FUNCTION = YES;
				GCC_WARN_UNUSED_VARIABLE = YES;
				IPHONEOS_DEPLOYMENT_TARGET = 8.1;
				MTL_ENABLE_DEBUG_INFO = YES;
				ONLY_ACTIVE_ARCH = YES;
				SDKROOT = iphoneos;
				SWIFT_OPTIMIZATION_LEVEL = "-Onone";
				TARGETED_DEVICE_FAMILY = "1,2";
			};
			name = Debug;
		};
		8C4F1F8A1A5EC823005522FF /* Release */ = {
			isa = XCBuildConfiguration;
			buildSettings = {
				ALWAYS_SEARCH_USER_PATHS = NO;
				CLANG_CXX_LANGUAGE_STANDARD = "gnu++0x";
				CLANG_CXX_LIBRARY = "libc++";
				CLANG_ENABLE_MODULES = YES;
				CLANG_ENABLE_OBJC_ARC = YES;
				CLANG_WARN_BOOL_CONVERSION = YES;
				CLANG_WARN_CONSTANT_CONVERSION = YES;
				CLANG_WARN_DIRECT_OBJC_ISA_USAGE = YES_ERROR;
				CLANG_WARN_EMPTY_BODY = YES;
				CLANG_WARN_ENUM_CONVERSION = YES;
				CLANG_WARN_INT_CONVERSION = YES;
				CLANG_WARN_OBJC_ROOT_CLASS = YES_ERROR;
				CLANG_WARN_UNREACHABLE_CODE = YES;
				CLANG_WARN__DUPLICATE_METHOD_MATCH = YES;
				"CODE_SIGN_IDENTITY[sdk=iphoneos*]" = "iPhone Developer";
				COPY_PHASE_STRIP = YES;
				ENABLE_NS_ASSERTIONS = NO;
				ENABLE_STRICT_OBJC_MSGSEND = YES;
				GCC_C_LANGUAGE_STANDARD = gnu99;
				GCC_WARN_64_TO_32_BIT_CONVERSION = YES;
				GCC_WARN_ABOUT_RETURN_TYPE = YES_ERROR;
				GCC_WARN_UNDECLARED_SELECTOR = YES;
				GCC_WARN_UNINITIALIZED_AUTOS = YES_AGGRESSIVE;
				GCC_WARN_UNUSED_FUNCTION = YES;
				GCC_WARN_UNUSED_VARIABLE = YES;
				IPHONEOS_DEPLOYMENT_TARGET = 8.1;
				MTL_ENABLE_DEBUG_INFO = NO;
				SDKROOT = iphoneos;
				TARGETED_DEVICE_FAMILY = "1,2";
				VALIDATE_PRODUCT = YES;
			};
			name = Release;
		};
		8C4F1F8C1A5EC823005522FF /* Debug */ = {
			isa = XCBuildConfiguration;
			buildSettings = {
				ASSETCATALOG_COMPILER_APPICON_NAME = AppIcon;
				INFOPLIST_FILE = GitTest/Info.plist;
				LD_RUNPATH_SEARCH_PATHS = "$(inherited) @executable_path/Frameworks";
				PRODUCT_NAME = "$(TARGET_NAME)";
			};
			name = Debug;
		};
		8C4F1F8D1A5EC823005522FF /* Release */ = {
			isa = XCBuildConfiguration;
			buildSettings = {
				ASSETCATALOG_COMPILER_APPICON_NAME = AppIcon;
				INFOPLIST_FILE = GitTest/Info.plist;
				LD_RUNPATH_SEARCH_PATHS = "$(inherited) @executable_path/Frameworks";
				PRODUCT_NAME = "$(TARGET_NAME)";
			};
			name = Release;
		};
		8C4F1F8F1A5EC823005522FF /* Debug */ = {
			isa = XCBuildConfiguration;
			buildSettings = {
				BUNDLE_LOADER = "$(TEST_HOST)";
				FRAMEWORK_SEARCH_PATHS = (
					"$(SDKROOT)/Developer/Library/Frameworks",
					"$(inherited)",
				);
				GCC_PREPROCESSOR_DEFINITIONS = (
					"DEBUG=1",
					"$(inherited)",
				);
				INFOPLIST_FILE = GitTestTests/Info.plist;
				LD_RUNPATH_SEARCH_PATHS = "$(inherited) @executable_path/Frameworks @loader_path/Frameworks";
				PRODUCT_NAME = "$(TARGET_NAME)";
				TEST_HOST = "$(BUILT_PRODUCTS_DIR)/GitTest.app/GitTest";
			};
			name = Debug;
		};
		8C4F1F901A5EC823005522FF /* Release */ = {
			isa = XCBuildConfiguration;
			buildSettings = {
				BUNDLE_LOADER = "$(TEST_HOST)";
				FRAMEWORK_SEARCH_PATHS = (
					"$(SDKROOT)/Developer/Library/Frameworks",
					"$(inherited)",
				);
				INFOPLIST_FILE = GitTestTests/Info.plist;
				LD_RUNPATH_SEARCH_PATHS = "$(inherited) @executable_path/Frameworks @loader_path/Frameworks";
				PRODUCT_NAME = "$(TARGET_NAME)";
				TEST_HOST = "$(BUILT_PRODUCTS_DIR)/GitTest.app/GitTest";
			};
			name = Release;
		};
/* End XCBuildConfiguration section */

/* Begin XCConfigurationList section */
		8C4F1F671A5EC822005522FF /* Build configuration list for PBXProject "GitTest" */ = {
			isa = XCConfigurationList;
			buildConfigurations = (
				8C4F1F891A5EC823005522FF /* Debug */,
				8C4F1F8A1A5EC823005522FF /* Release */,
			);
			defaultConfigurationIsVisible = 0;
			defaultConfigurationName = Release;
		};
		8C4F1F8B1A5EC823005522FF /* Build configuration list for PBXNativeTarget "GitTest" */ = {
			isa = XCConfigurationList;
			buildConfigurations = (
				8C4F1F8C1A5EC823005522FF /* Debug */,
				8C4F1F8D1A5EC823005522FF /* Release */,
			);
			defaultConfigurationIsVisible = 0;
		};
		8C4F1F8E1A5EC823005522FF /* Build configuration list for PBXNativeTarget "GitTestTests" */ = {
			isa = XCConfigurationList;
			buildConfigurations = (
				8C4F1F8F1A5EC823005522FF /* Debug */,
				8C4F1F901A5EC823005522FF /* Release */,
			);
			defaultConfigurationIsVisible = 0;
		};
/* End XCConfigurationList section */
	};
	rootObject = 8C4F1F641A5EC822005522FF /* Project object */;
}
